
Microsoft Visual Studio Solution File, Format Version 12.00
# Visual Studio Version 16
VisualStudioVersion = 16.0.29920.165
MinimumVisualStudioVersion = 10.0.40219.1
Project("{FAE04EC0-301F-11D3-BF4B-00C04F79EFBC}") = "DAL", "DAL\DAL.csproj", "{5640F447-0543-4D1D-8DEB-C885A0211413}"
EndProject
Global
	GlobalSection(SolutionConfigurationPlatforms) = preSolution
		Debug|Any CPU = Debug|Any CPU
		Release|Any CPU = Release|Any CPU
	EndGlobalSection
	GlobalSection(ProjectConfigurationPlatforms) = postSolution
		{5640F447-0543-4D1D-8DEB-C885A0211413}.Debug|Any CPU.ActiveCfg = Debug|Any CPU
		{5640F447-0543-4D1D-8DEB-C885A0211413}.Debug|Any CPU.Build.0 = Debug|Any CPU
		{5640F447-0543-4D1D-8DEB-C885A0211413}.Release|Any CPU.ActiveCfg = Release|Any CPU
		{5640F447-0543-4D1D-8DEB-C885A0211413}.Release|Any CPU.Build.0 = Release|Any CPU
	EndGlobalSection
	GlobalSection(SolutionProperties) = preSolution
		HideSolutionNode = FALSE
	EndGlobalSection
	GlobalSection(ExtensibilityGlobals) = postSolution
		SolutionGuid = {EA490BC8-2AAA-4BEE-9A6B-566BFCAAD631}
	EndGlobalSection
EndGlobal
